// !$*UTF8*$!
{
	archiveVersion = 1;
	classes = {
	};
	objectVersion = 70;
	objects = {

/* Begin PBXBuildFile section */
		9A0000010000000000000001 /* OlcboxIosApp.swift in Sources */ = {isa = PBXBuildFile; fileRef = 9A0000010000000000000011 /* OlcboxIosApp.swift */; };
		9A0000010000000000000002 /* SwiftPlatformBridge.swift in Sources */ = {isa = PBXBuildFile; fileRef = 9A0000010000000000000012 /* SwiftPlatformBridge.swift */; };
		9A0000010000000000000003 /* SwiftOlcRtcManager.swift in Sources */ = {isa = PBXBuildFile; fileRef = 9A0000010000000000000013 /* SwiftOlcRtcManager.swift */; };
		9A0000010000000000000004 /* Assets.xcassets in Resources */ = {isa = PBXBuildFile; fileRef = 9A0000010000000000000015 /* Assets.xcassets */; };
		B31340D0301599E5009B5598 /* NetworkExtension.framework in Frameworks */ = {isa = PBXBuildFile; fileRef = B31340CF301599E5009B5598 /* NetworkExtension.framework */; };
		B31340D8301599E5009B5598 /* PacketTunnel.appex in Embed Foundation Extensions */ = {isa = PBXBuildFile; fileRef = B31340CE301599E5009B5598 /* PacketTunnel.appex */; settings = {ATTRIBUTES = (RemoveHeadersOnCopy, ); }; };
/* End PBXBuildFile section */

/* Begin PBXContainerItemProxy section */
		B31340D6301599E5009B5598 /* PBXContainerItemProxy */ = {
			isa = PBXContainerItemProxy;
			containerPortal = 9A0000010000000000000090 /* Project object */;
			proxyType = 1;
			remoteGlobalIDString = B31340CD301599E5009B5598;
			remoteInfo = PacketTunnel;
		};
/* End PBXContainerItemProxy section */

/* Begin PBXCopyFilesBuildPhase section */
		B31340D9301599E5009B5598 /* Embed Foundation Extensions */ = {
			isa = PBXCopyFilesBuildPhase;
			buildActionMask = 2147483647;
			dstPath = "";
			dstSubfolderSpec = 13;
			files = (
				B31340D8301599E5009B5598 /* PacketTunnel.appex in Embed Foundation Extensions */,
			);
			name = "Embed Foundation Extensions";
			runOnlyForDeploymentPostprocessing = 0;
		};
/* End PBXCopyFilesBuildPhase section */

/* Begin PBXFileReference section */
		9A0000010000000000000010 /* iosApp.app */ = {isa = PBXFileReference; explicitFileType = wrapper.application; includeInIndex = 0; path = iosApp.app; sourceTree = BUILT_PRODUCTS_DIR; };
		9A0000010000000000000011 /* OlcboxIosApp.swift */ = {isa = PBXFileReference; lastKnownFileType = sourcecode.swift; path = OlcboxIosApp.swift; sourceTree = "<group>"; };
		9A0000010000000000000012 /* SwiftPlatformBridge.swift */ = {isa = PBXFileReference; lastKnownFileType = sourcecode.swift; path = SwiftPlatformBridge.swift; sourceTree = "<group>"; };
		9A0000010000000000000013 /* SwiftOlcRtcManager.swift */ = {isa = PBXFileReference; lastKnownFileType = sourcecode.swift; path = SwiftOlcRtcManager.swift; sourceTree = "<group>"; };
		9A0000010000000000000014 /* Info.plist */ = {isa = PBXFileReference; lastKnownFileType = text.plist.xml; path = Info.plist; sourceTree = "<group>"; };
		9A0000010000000000000015 /* Assets.xcassets */ = {isa = PBXFileReference; lastKnownFileType = folder.assetcatalog; path = Assets.xcassets; sourceTree = "<group>"; };
		B31340CE301599E5009B5598 /* PacketTunnel.appex */ = {isa = PBXFileReference; explicitFileType = "wrapper.app-extension"; includeInIndex = 0; path = PacketTunnel.appex; sourceTree = BUILT_PRODUCTS_DIR; };
		B31340CF301599E5009B5598 /* NetworkExtension.framework */ = {isa = PBXFileReference; lastKnownFileType = wrapper.framework; name = NetworkExtension.framework; path = System/Library/Frameworks/NetworkExtension.framework; sourceTree = SDKROOT; };
		B31340DE30159A8C009B5598 /* iosApp.entitlements */ = {isa = PBXFileReference; lastKnownFileType = text.plist.entitlements; path = iosApp.entitlements; sourceTree = "<group>"; };
/* End PBXFileReference section */

/* Begin PBXFileSystemSynchronizedBuildFileExceptionSet section */
		B31340DC301599E5009B5598 /* PBXFileSystemSynchronizedBuildFileExceptionSet */ = {
			isa = PBXFileSystemSynchronizedBuildFileExceptionSet;
			membershipExceptions = (
				Info.plist,
			);
			target = B31340CD301599E5009B5598 /* PacketTunnel */;
		};
/* End PBXFileSystemSynchronizedBuildFileExceptionSet section */

/* Begin PBXFileSystemSynchronizedRootGroup section */
		B31340D1301599E5009B5598 /* PacketTunnel */ = {isa = PBXFileSystemSynchronizedRootGroup; exceptions = (B31340DC301599E5009B5598 /* PBXFileSystemSynchronizedBuildFileExceptionSet */, ); explicitFileTypes = {}; explicitFolders = (); path = PacketTunnel; sourceTree = "<group>"; };
/* End PBXFileSystemSynchronizedRootGroup section */

/* Begin PBXFrameworksBuildPhase section */
		9A0000010000000000000020 /* Frameworks */ = {
			isa = PBXFrameworksBuildPhase;
			buildActionMask = 2147483647;
			files = (
			);
			runOnlyForDeploymentPostprocessing = 0;
		};
		B31340CB301599E5009B5598 /* Frameworks */ = {
			isa = PBXFrameworksBuildPhase;
			buildActionMask = 2147483647;
			files = (
				B31340D0301599E5009B5598 /* NetworkExtension.framework in Frameworks */,
			);
			runOnlyForDeploymentPostprocessing = 0;
		};
/* End PBXFrameworksBuildPhase section */

/* Begin PBXGroup section */
		9A0000010000000000000030 = {
			isa = PBXGroup;
			children = (
				9A0000010000000000000031 /* iosApp */,
				B31340D1301599E5009B5598 /* PacketTunnel */,
				9A0000010000000000000032 /* Frameworks */,
				9A0000010000000000000033 /* Products */,
			);
			sourceTree = "<group>";
		};
		9A0000010000000000000031 /* iosApp */ = {
			isa = PBXGroup;
			children = (
				B31340DE30159A8C009B5598 /* iosApp.entitlements */,
				9A0000010000000000000011 /* OlcboxIosApp.swift */,
				9A0000010000000000000012 /* SwiftPlatformBridge.swift */,
				9A0000010000000000000013 /* SwiftOlcRtcManager.swift */,
				9A0000010000000000000014 /* Info.plist */,
				9A0000010000000000000015 /* Assets.xcassets */,
			);
			path = iosApp;
			sourceTree = "<group>";
		};
		9A0000010000000000000032 /* Frameworks */ = {
			isa = PBXGroup;
			children = (
				B31340CF301599E5009B5598 /* NetworkExtension.framework */,
			);
			name = Frameworks;
			sourceTree = "<group>";
		};
		9A0000010000000000000033 /* Products */ = {
			isa = PBXGroup;
			children = (
				9A0000010000000000000010 /* iosApp.app */,
				B31340CE301599E5009B5598 /* PacketTunnel.appex */,
			);
			name = Products;
			sourceTree = "<group>";
		};
/* End PBXGroup section */

/* Begin PBXNativeTarget section */
		9A0000010000000000000040 /* iosApp */ = {
			isa = PBXNativeTarget;
			buildConfigurationList = 9A0000010000000000000080 /* Build configuration list for PBXNativeTarget "iosApp" */;
			buildPhases = (
				9A0000010000000000000050 /* Build Shared Frameworks */,
				9A0000010000000000000060 /* Sources */,
				9A0000010000000000000020 /* Frameworks */,
				9A0000010000000000000070 /* Resources */,
				B31340D9301599E5009B5598 /* Embed Foundation Extensions */,
			);
			buildRules = (
			);
			dependencies = (
				B31340D7301599E5009B5598 /* PBXTargetDependency */,
			);
			name = iosApp;
			productName = iosApp;
			productReference = 9A0000010000000000000010 /* iosApp.app */;
			productType = "com.apple.product-type.application";
		};
		B31340CD301599E5009B5598 /* PacketTunnel */ = {
			isa = PBXNativeTarget;
			buildConfigurationList = B31340DD301599E5009B5598 /* Build configuration list for PBXNativeTarget "PacketTunnel" */;
			buildPhases = (
				B31340F1301599E5009B5598 /* Fetch Core Frameworks */,
				B31340CA301599E5009B5598 /* Sources */,
				B31340CB301599E5009B5598 /* Frameworks */,
				B31340CC301599E5009B5598 /* Resources */,
			);
			buildRules = (
			);
			dependencies = (
			);
			fileSystemSynchronizedGroups = (
				B31340D1301599E5009B5598 /* PacketTunnel */,
			);
			name = PacketTunnel;
			packageProductDependencies = (
			);
			productName = PacketTunnel;
			productReference = B31340CE301599E5009B5598 /* PacketTunnel.appex */;
			productType = "com.apple.product-type.app-extension";
		};
/* End PBXNativeTarget section */

/* Begin PBXProject section */
		9A0000010000000000000090 /* Project object */ = {
			isa = PBXProject;
			attributes = {
				BuildIndependentTargetsInParallel = YES;
				LastSwiftUpdateCheck = 2660;
				LastUpgradeCheck = 2600;
				TargetAttributes = {
					9A0000010000000000000040 = {
						CreatedOnToolsVersion = 26.0;
					};
					B31340CD301599E5009B5598 = {
						CreatedOnToolsVersion = 26.6;
					};
				};
			};
			buildConfigurationList = 9A0000010000000000000091 /* Build configuration list for PBXProject "iosApp" */;
			compatibilityVersion = "Xcode 14.0";
			developmentRegion = en;
			hasScannedForEncodings = 0;
			knownRegions = (
				en,
				Base,
			);
			mainGroup = 9A0000010000000000000030;
			productRefGroup = 9A0000010000000000000033 /* Products */;
			projectDirPath = "";
			projectRoot = "";
			targets = (
				9A0000010000000000000040 /* iosApp */,
				B31340CD301599E5009B5598 /* PacketTunnel */,
			);
		};
/* End PBXProject section */

/* Begin PBXResourcesBuildPhase section */
		9A0000010000000000000070 /* Resources */ = {
			isa = PBXResourcesBuildPhase;
			buildActionMask = 2147483647;
			files = (
				9A0000010000000000000004 /* Assets.xcassets in Resources */,
			);
			runOnlyForDeploymentPostprocessing = 0;
		};
		B31340CC301599E5009B5598 /* Resources */ = {
			isa = PBXResourcesBuildPhase;
			buildActionMask = 2147483647;
			files = (
			);
			runOnlyForDeploymentPostprocessing = 0;
		};
/* End PBXResourcesBuildPhase section */

/* Begin PBXShellScriptBuildPhase section */
		9A0000010000000000000050 /* Build Shared Frameworks */ = {
			isa = PBXShellScriptBuildPhase;
			alwaysOutOfDate = 1;
			buildActionMask = 2147483647;
			files = (
			);
			inputPaths = (
			);
			name = "Build Shared Frameworks";
			outputPaths = (
			);
			runOnlyForDeploymentPostprocessing = 0;
			shellPath = /bin/sh;
			shellScript = "set -e\nexport PATH=\"$HOME/go/bin:/usr/local/go/bin:/opt/homebrew/bin:/usr/local/bin:$PATH\"\nif [ -z \"$ARCHS\" ] || [ \"$ARCHS\" = \"undefined_arch\" ]; then\n  export ARCHS=arm64\nfi\nGRADLE_VERSION_ARGS=\"\"\n# CI exports OLCBOX_VERSION. An archive made from Xcode does not, and without a\n# fallback the app's own about screen reads 1.0.0 out of gradle.properties while\n# its Info.plist carries the real version - the same disagreement that put 1.0.0\n# in the App Store, inverted. MARKETING_VERSION is exported into every build\n# phase, so the project file is the single place both numbers come from.\nolcbox_version=\"${OLCBOX_VERSION:-$MARKETING_VERSION}\"\nif [ -n \"$olcbox_version\" ]; then\n  GRADLE_VERSION_ARGS=\"-Polcbox.version=$olcbox_version\"\nfi\ncd \"$SRCROOT/..\"\n./gradlew $GRADLE_VERSION_ARGS :sharedUI:fetchCoresIosXcframework :sharedUI:buildOlcrtcIosXcframework :sharedUI:embedAndSignAppleFrameworkForXcode --no-configuration-cache\n";
		};
		B31340F1301599E5009B5598 /* Fetch Core Frameworks */ = {
			isa = PBXShellScriptBuildPhase;
			alwaysOutOfDate = 1;
			buildActionMask = 2147483647;
			files = (
			);
			inputPaths = (
			);
			name = "Fetch Core Frameworks";
			outputPaths = (
			);
			runOnlyForDeploymentPostprocessing = 0;
			shellPath = /bin/sh;
			shellScript = "set -e\n# The extension links Cores — sing-box and Xray in one framework, because two\n# separate gomobile binds cannot be linked into one binary — so it fetches it\n# itself. It cannot inherit it from the app target: iosApp *depends on* this\n# target, so this one builds first and the app's gradle phase has not run yet.\n# The fetch returns immediately once the framework is there, so this costs\n# nothing on every build after the first.\ncd \"$SRCROOT/..\"\nbash scripts/fetch-cores-ios.sh \"$PWD/sharedUI/build/generated/cores/ios\"\n";
		};
/* End PBXShellScriptBuildPhase section */

/* Begin PBXSourcesBuildPhase section */
		9A0000010000000000000060 /* Sources */ = {
			isa = PBXSourcesBuildPhase;
			buildActionMask = 2147483647;
			files = (
				9A0000010000000000000001 /* OlcboxIosApp.swift in Sources */,
				9A0000010000000000000002 /* SwiftPlatformBridge.swift in Sources */,
				9A0000010000000000000003 /* SwiftOlcRtcManager.swift in Sources */,
			);
			runOnlyForDeploymentPostprocessing = 0;
		};
		B31340CA301599E5009B5598 /* Sources */ = {
			isa = PBXSourcesBuildPhase;
			buildActionMask = 2147483647;
			files = (
			);
			runOnlyForDeploymentPostprocessing = 0;
		};
/* End PBXSourcesBuildPhase section */

/* Begin PBXTargetDependency section */
		B31340D7301599E5009B5598 /* PBXTargetDependency */ = {
			isa = PBXTargetDependency;
			target = B31340CD301599E5009B5598 /* PacketTunnel */;
			targetProxy = B31340D6301599E5009B5598 /* PBXContainerItemProxy */;
		};
/* End PBXTargetDependency section */

/* Begin XCBuildConfiguration section */
		9A00000100000000000000A0 /* Debug */ = {
			isa = XCBuildConfiguration;
			buildSettings = {
				ALWAYS_SEARCH_USER_PATHS = NO;
				CLANG_ENABLE_MODULES = YES;
				CLANG_ENABLE_OBJC_ARC = YES;
				CLANG_WARN_DOCUMENTATION_COMMENTS = YES;
				CLANG_WARN_QUOTED_INCLUDE_IN_FRAMEWORK_HEADER = YES;
				COPY_PHASE_STRIP = NO;
				DEBUG_INFORMATION_FORMAT = dwarf;
				ENABLE_STRICT_OBJC_MSGSEND = YES;
				ENABLE_TESTABILITY = YES;
				GCC_C_LANGUAGE_STANDARD = gnu17;
				GCC_DYNAMIC_NO_PIC = NO;
				GCC_NO_COMMON_BLOCKS = YES;
				GCC_OPTIMIZATION_LEVEL = 0;
				GCC_PREPROCESSOR_DEFINITIONS = (
					"DEBUG=1",
					"$(inherited)",
				);
				IPHONEOS_DEPLOYMENT_TARGET = 15.0;
				MTL_ENABLE_DEBUG_INFO = INCLUDE_SOURCE;
				MTL_FAST_MATH = YES;
				ONLY_ACTIVE_ARCH = YES;
				SDKROOT = iphoneos;
				SWIFT_ACTIVE_COMPILATION_CONDITIONS = DEBUG;
				SWIFT_OPTIMIZATION_LEVEL = "-Onone";
			};
			name = Debug;
		};
		9A00000100000000000000A1 /* Release */ = {
			isa = XCBuildConfiguration;
			buildSettings = {
				ALWAYS_SEARCH_USER_PATHS = NO;
				CLANG_ENABLE_MODULES = YES;
				CLANG_ENABLE_OBJC_ARC = YES;
				CLANG_WARN_DOCUMENTATION_COMMENTS = YES;
				CLANG_WARN_QUOTED_INCLUDE_IN_FRAMEWORK_HEADER = YES;
				COPY_PHASE_STRIP = YES;
				DEBUG_INFORMATION_FORMAT = "dwarf-with-dsym";
				ENABLE_NS_ASSERTIONS = NO;
				ENABLE_STRICT_OBJC_MSGSEND = YES;
				GCC_C_LANGUAGE_STANDARD = gnu17;
				GCC_NO_COMMON_BLOCKS = YES;
				IPHONEOS_DEPLOYMENT_TARGET = 15.0;
				MTL_ENABLE_DEBUG_INFO = NO;
				MTL_FAST_MATH = YES;
				SDKROOT = iphoneos;
				SWIFT_COMPILATION_MODE = wholemodule;
				SWIFT_OPTIMIZATION_LEVEL = "-O";
				VALIDATE_PRODUCT = YES;
			};
			name = Release;
		};
		9A00000100000000000000B0 /* Debug */ = {
			isa = XCBuildConfiguration;
			buildSettings = {
				ASSETCATALOG_COMPILER_APPICON_NAME = AppIcon;
				CODE_SIGN_ENTITLEMENTS = iosApp/iosApp.entitlements;
				CODE_SIGN_STYLE = Automatic;
				CURRENT_PROJECT_VERSION = 265;
				DEVELOPMENT_ASSET_PATHS = "";
				DEVELOPMENT_TEAM = 3QJG3J7L66;
				ENABLE_USER_SCRIPT_SANDBOXING = NO;
				"EXCLUDED_ARCHS[sdk=iphonesimulator*]" = x86_64;
				FRAMEWORK_SEARCH_PATHS = "$(inherited)";
				"FRAMEWORK_SEARCH_PATHS[sdk=iphoneos*]" = (
					"$(inherited)",
					"$(SRCROOT)/../sharedUI/build/generated/olcrtc/ios/OlcRtcMobile.xcframework/ios-arm64",
					"$(SRCROOT)/../sharedUI/build/bin/iosArm64/$(KOTLIN_FRAMEWORK_BUILD_TYPE)Framework",
				);
				"FRAMEWORK_SEARCH_PATHS[sdk=iphonesimulator*]" = (
					"$(inherited)",
					"$(SRCROOT)/../sharedUI/build/generated/olcrtc/ios/OlcRtcMobile.xcframework/ios-arm64_x86_64-simulator",
					"$(SRCROOT)/../sharedUI/build/bin/iosSimulatorArm64/$(KOTLIN_FRAMEWORK_BUILD_TYPE)Framework",
				);
				GENERATE_INFOPLIST_FILE = NO;
				INFOPLIST_FILE = iosApp/Info.plist;
				KOTLIN_FRAMEWORK_BUILD_TYPE = debug;
				LD_RUNPATH_SEARCH_PATHS = (
					"$(inherited)",
					"@executable_path/Frameworks",
				);
				MARKETING_VERSION = 1.0.265;
				OTHER_LDFLAGS = (
					"$(inherited)",
					"-ObjC",
					"-framework",
					SharedUI,
					"-framework",
					OlcRtcMobile,
				);
				PRODUCT_BUNDLE_IDENTIFIER = org.proofkit.app;
				PRODUCT_NAME = "$(TARGET_NAME)";
				SUPPORTED_PLATFORMS = "iphoneos iphonesimulator";
				SUPPORTS_MACCATALYST = NO;
				SWIFT_VERSION = 6.0;
				TARGETED_DEVICE_FAMILY = 1;
			};
			name = Debug;
		};
		9A00000100000000000000B1 /* Release */ = {
			isa = XCBuildConfiguration;
			buildSettings = {
				ASSETCATALOG_COMPILER_APPICON_NAME = AppIcon;
				CODE_SIGN_ENTITLEMENTS = iosApp/iosApp.entitlements;
				CODE_SIGN_STYLE = Automatic;
				CURRENT_PROJECT_VERSION = 265;
				DEVELOPMENT_TEAM = 3QJG3J7L66;
				ENABLE_USER_SCRIPT_SANDBOXING = NO;
				"EXCLUDED_ARCHS[sdk=iphonesimulator*]" = x86_64;
				FRAMEWORK_SEARCH_PATHS = "$(inherited)";
				"FRAMEWORK_SEARCH_PATHS[sdk=iphoneos*]" = (
					"$(inherited)",
					"$(SRCROOT)/../sharedUI/build/generated/olcrtc/ios/OlcRtcMobile.xcframework/ios-arm64",
					"$(SRCROOT)/../sharedUI/build/bin/iosArm64/$(KOTLIN_FRAMEWORK_BUILD_TYPE)Framework",
				);
				"FRAMEWORK_SEARCH_PATHS[sdk=iphonesimulator*]" = (
					"$(inherited)",
					"$(SRCROOT)/../sharedUI/build/generated/olcrtc/ios/OlcRtcMobile.xcframework/ios-arm64_x86_64-simulator",
					"$(SRCROOT)/../sharedUI/build/bin/iosSimulatorArm64/$(KOTLIN_FRAMEWORK_BUILD_TYPE)Framework",
				);
				GENERATE_INFOPLIST_FILE = NO;
				INFOPLIST_FILE = iosApp/Info.plist;
				KOTLIN_FRAMEWORK_BUILD_TYPE = release;
				LD_RUNPATH_SEARCH_PATHS = (
					"$(inherited)",
					"@executable_path/Frameworks",
				);
				MARKETING_VERSION = 1.0.265;
				OTHER_LDFLAGS = (
					"$(inherited)",
					"-ObjC",
					"-framework",
					SharedUI,
					"-framework",
					OlcRtcMobile,
				);
				PRODUCT_BUNDLE_IDENTIFIER = org.proofkit.app;
				PRODUCT_NAME = "$(TARGET_NAME)";
				SUPPORTED_PLATFORMS = "iphoneos iphonesimulator";
				SUPPORTS_MACCATALYST = NO;
				SWIFT_VERSION = 6.0;
				TARGETED_DEVICE_FAMILY = 1;
			};
			name = Release;
		};
		B31340DA301599E5009B5598 /* Debug */ = {
			isa = XCBuildConfiguration;
			buildSettings = {
				ASSETCATALOG_COMPILER_GENERATE_SWIFT_ASSET_SYMBOL_EXTENSIONS = YES;
				CLANG_ANALYZER_NONNULL = YES;
				CLANG_ANALYZER_NUMBER_OBJECT_CONVERSION = YES_AGGRESSIVE;
				CLANG_CXX_LANGUAGE_STANDARD = "gnu++20";
				CLANG_ENABLE_OBJC_WEAK = YES;
				CLANG_WARN_BLOCK_CAPTURE_AUTORELEASING = YES;
				CLANG_WARN_BOOL_CONVERSION = YES;
				CLANG_WARN_COMMA = YES;
				CLANG_WARN_CONSTANT_CONVERSION = YES;
				CLANG_WARN_DEPRECATED_OBJC_IMPLEMENTATIONS = YES;
				CLANG_WARN_DIRECT_OBJC_ISA_USAGE = YES_ERROR;
				CLANG_WARN_EMPTY_BODY = YES;
				CLANG_WARN_ENUM_CONVERSION = YES;
				CLANG_WARN_INFINITE_RECURSION = YES;
				CLANG_WARN_INT_CONVERSION = YES;
				CLANG_WARN_NON_LITERAL_NULL_CONVERSION = YES;
				CLANG_WARN_OBJC_IMPLICIT_RETAIN_SELF = YES;
				CLANG_WARN_OBJC_LITERAL_CONVERSION = YES;
				CLANG_WARN_OBJC_ROOT_CLASS = YES_ERROR;
				CLANG_WARN_RANGE_LOOP_ANALYSIS = YES;
				CLANG_WARN_STRICT_PROTOTYPES = YES;
				CLANG_WARN_SUSPICIOUS_MOVE = YES;
				CLANG_WARN_UNGUARDED_AVAILABILITY = YES_AGGRESSIVE;
				CLANG_WARN_UNREACHABLE_CODE = YES;
				CLANG_WARN__DUPLICATE_METHOD_MATCH = YES;
				CODE_SIGN_ENTITLEMENTS = PacketTunnel/PacketTunnel.entitlements;
				CODE_SIGN_STYLE = Automatic;
				FRAMEWORK_SEARCH_PATHS = "$(inherited)";
				"FRAMEWORK_SEARCH_PATHS[sdk=iphoneos*]" = (
					"$(inherited)",
					"$(SRCROOT)/../sharedUI/build/generated/cores/ios/Cores.xcframework/ios-arm64",
				);
				"FRAMEWORK_SEARCH_PATHS[sdk=iphonesimulator*]" = (
					"$(inherited)",
					"$(SRCROOT)/../sharedUI/build/generated/cores/ios/Cores.xcframework/ios-arm64_x86_64-simulator",
				);
				OTHER_LDFLAGS = (
					"$(inherited)",
					"-ObjC",
					"-framework",
					Cores,
					"-lresolv",
				);
				CURRENT_PROJECT_VERSION = 265;
				DEVELOPMENT_TEAM = 3QJG3J7L66;
				ENABLE_USER_SCRIPT_SANDBOXING = NO;
				GCC_WARN_64_TO_32_BIT_CONVERSION = YES;
				GCC_WARN_ABOUT_RETURN_TYPE = YES_ERROR;
				GCC_WARN_UNDECLARED_SELECTOR = YES;
				GCC_WARN_UNINITIALIZED_AUTOS = YES_AGGRESSIVE;
				GCC_WARN_UNUSED_FUNCTION = YES;
				GCC_WARN_UNUSED_VARIABLE = YES;
				GENERATE_INFOPLIST_FILE = YES;
				INFOPLIST_FILE = PacketTunnel/Info.plist;
				INFOPLIST_KEY_CFBundleDisplayName = PacketTunnel;
				INFOPLIST_KEY_NSHumanReadableCopyright = "";
				IPHONEOS_DEPLOYMENT_TARGET = 15.0;
				LD_RUNPATH_SEARCH_PATHS = (
					"$(inherited)",
					"@executable_path/Frameworks",
					"@executable_path/../../Frameworks",
				);
				LOCALIZATION_PREFERS_STRING_CATALOGS = YES;
				MARKETING_VERSION = 1.0.265;
				PRODUCT_BUNDLE_IDENTIFIER = org.proofkit.app.PacketTunnel;
				PRODUCT_NAME = "$(TARGET_NAME)";
				SKIP_INSTALL = YES;
				STRING_CATALOG_GENERATE_SYMBOLS = YES;
				SWIFT_ACTIVE_COMPILATION_CONDITIONS = "DEBUG $(inherited)";
				SWIFT_APPROACHABLE_CONCURRENCY = YES;
				SWIFT_EMIT_LOC_STRINGS = YES;
				SWIFT_UPCOMING_FEATURE_MEMBER_IMPORT_VISIBILITY = YES;
				SWIFT_VERSION = 5.0;
				TARGETED_DEVICE_FAMILY = 1;
			};
			name = Debug;
		};
		B31340DB301599E5009B5598 /* Release */ = {
			isa = XCBuildConfiguration;
			buildSettings = {
				ASSETCATALOG_COMPILER_GENERATE_SWIFT_ASSET_SYMBOL_EXTENSIONS = YES;
				CLANG_ANALYZER_NONNULL = YES;
				CLANG_ANALYZER_NUMBER_OBJECT_CONVERSION = YES_AGGRESSIVE;
				CLANG_CXX_LANGUAGE_STANDARD = "gnu++20";
				CLANG_ENABLE_OBJC_WEAK = YES;
				CLANG_WARN_BLOCK_CAPTURE_AUTORELEASING = YES;
				CLANG_WARN_BOOL_CONVERSION = YES;
				CLANG_WARN_COMMA = YES;
				CLANG_WARN_CONSTANT_CONVERSION = YES;
				CLANG_WARN_DEPRECATED_OBJC_IMPLEMENTATIONS = YES;
				CLANG_WARN_DIRECT_OBJC_ISA_USAGE = YES_ERROR;
				CLANG_WARN_EMPTY_BODY = YES;
				CLANG_WARN_ENUM_CONVERSION = YES;
				CLANG_WARN_INFINITE_RECURSION = YES;
				CLANG_WARN_INT_CONVERSION = YES;
				CLANG_WARN_NON_LITERAL_NULL_CONVERSION = YES;
				CLANG_WARN_OBJC_IMPLICIT_RETAIN_SELF = YES;
				CLANG_WARN_OBJC_LITERAL_CONVERSION = YES;
				CLANG_WARN_OBJC_ROOT_CLASS = YES_ERROR;
				CLANG_WARN_RANGE_LOOP_ANALYSIS = YES;
				CLANG_WARN_STRICT_PROTOTYPES = YES;
				CLANG_WARN_SUSPICIOUS_MOVE = YES;
				CLANG_WARN_UNGUARDED_AVAILABILITY = YES_AGGRESSIVE;
				CLANG_WARN_UNREACHABLE_CODE = YES;
				CLANG_WARN__DUPLICATE_METHOD_MATCH = YES;
				CODE_SIGN_ENTITLEMENTS = PacketTunnel/PacketTunnel.entitlements;
				CODE_SIGN_STYLE = Automatic;
				FRAMEWORK_SEARCH_PATHS = "$(inherited)";
				"FRAMEWORK_SEARCH_PATHS[sdk=iphoneos*]" = (
					"$(inherited)",
					"$(SRCROOT)/../sharedUI/build/generated/cores/ios/Cores.xcframework/ios-arm64",
				);
				"FRAMEWORK_SEARCH_PATHS[sdk=iphonesimulator*]" = (
					"$(inherited)",
					"$(SRCROOT)/../sharedUI/build/generated/cores/ios/Cores.xcframework/ios-arm64_x86_64-simulator",
				);
				OTHER_LDFLAGS = (
					"$(inherited)",
					"-ObjC",
					"-framework",
					Cores,
					"-lresolv",
				);
				COPY_PHASE_STRIP = NO;
				CURRENT_PROJECT_VERSION = 265;
				DEVELOPMENT_TEAM = 3QJG3J7L66;
				ENABLE_USER_SCRIPT_SANDBOXING = NO;
				GCC_WARN_64_TO_32_BIT_CONVERSION = YES;
				GCC_WARN_ABOUT_RETURN_TYPE = YES_ERROR;
				GCC_WARN_UNDECLARED_SELECTOR = YES;
				GCC_WARN_UNINITIALIZED_AUTOS = YES_AGGRESSIVE;
				GCC_WARN_UNUSED_FUNCTION = YES;
				GCC_WARN_UNUSED_VARIABLE = YES;
				GENERATE_INFOPLIST_FILE = YES;
				INFOPLIST_FILE = PacketTunnel/Info.plist;
				INFOPLIST_KEY_CFBundleDisplayName = PacketTunnel;
				INFOPLIST_KEY_NSHumanReadableCopyright = "";
				IPHONEOS_DEPLOYMENT_TARGET = 15.0;
				LD_RUNPATH_SEARCH_PATHS = (
					"$(inherited)",
					"@executable_path/Frameworks",
					"@executable_path/../../Frameworks",
				);
				LOCALIZATION_PREFERS_STRING_CATALOGS = YES;
				MARKETING_VERSION = 1.0.265;
				PRODUCT_BUNDLE_IDENTIFIER = org.proofkit.app.PacketTunnel;
				PRODUCT_NAME = "$(TARGET_NAME)";
				SKIP_INSTALL = YES;
				STRING_CATALOG_GENERATE_SYMBOLS = YES;
				SWIFT_APPROACHABLE_CONCURRENCY = YES;
				SWIFT_EMIT_LOC_STRINGS = YES;
				SWIFT_UPCOMING_FEATURE_MEMBER_IMPORT_VISIBILITY = YES;
				SWIFT_VERSION = 5.0;
				TARGETED_DEVICE_FAMILY = 1;
			};
			name = Release;
		};
/* End XCBuildConfiguration section */

/* Begin XCConfigurationList section */
		9A0000010000000000000080 /* Build configuration list for PBXNativeTarget "iosApp" */ = {
			isa = XCConfigurationList;
			buildConfigurations = (
				9A00000100000000000000B0 /* Debug */,
				9A00000100000000000000B1 /* Release */,
			);
			defaultConfigurationIsVisible = 0;
			defaultConfigurationName = Debug;
		};
		9A0000010000000000000091 /* Build configuration list for PBXProject "iosApp" */ = {
			isa = XCConfigurationList;
			buildConfigurations = (
				9A00000100000000000000A0 /* Debug */,
				9A00000100000000000000A1 /* Release */,
			);
			defaultConfigurationIsVisible = 0;
			defaultConfigurationName = Debug;
		};
		B31340DD301599E5009B5598 /* Build configuration list for PBXNativeTarget "PacketTunnel" */ = {
			isa = XCConfigurationList;
			buildConfigurations = (
				B31340DA301599E5009B5598 /* Debug */,
				B31340DB301599E5009B5598 /* Release */,
			);
			defaultConfigurationIsVisible = 0;
			defaultConfigurationName = Debug;
		};
/* End XCConfigurationList section */
	};
	rootObject = 9A0000010000000000000090 /* Project object */;
}
